
Microsoft Visual Studio Solution File, Format Version 10.00
# Visual Studio 2008
Project("{8BC9CEB8-8B4A-11D0-8D11-00A0C91BC942}") = "LogView", "LogView\LogView.vcproj", "{88E7D434-42C8-4F1D-8614-F03B77FE138E}"
	ProjectSection(ProjectDependencies) = postProject
		{51C47BD4-3BF5-4A5B-8B01-805D742C382F} = {51C47BD4-3BF5-4A5B-8B01-805D742C382F}
	EndProjectSection
EndProject
Project("{8BC9CEB8-8B4A-11D0-8D11-00A0C91BC942}") = "LogClientTest", "LogClientTest\LogClientTest.vcproj", "{6C554C06-00F6-4B95-AF29-896912F85AC3}"
	ProjectSection(ProjectDependencies) = postProject
		{112BB164-74CC-4D51-9F78-62C2FCF71A54} = {112BB164-74CC-4D51-9F78-62C2FCF71A54}
	EndProjectSection
EndProject
Project("{8BC9CEB8-8B4A-11D0-8D11-00A0C91BC942}") = "LogClient", "LogClient\LogClient.vcproj", "{5434A808-A879-4DFC-B1D7-613BFAB35218}"
EndProject
Project("{8BC9CEB8-8B4A-11D0-8D11-00A0C91BC942}") = "LogServer", "LogServer\LogServer.vcproj", "{2EC74A1D-4921-4AD8-BFD1-BEB6D397E509}"
EndProject
Project("{8BC9CEB8-8B4A-11D0-8D11-00A0C91BC942}") = "staticLogClient", "LogClient\staticLogClient.vcproj", "{112BB164-74CC-4D51-9F78-62C2FCF71A54}"
EndProject
Project("{8BC9CEB8-8B4A-11D0-8D11-00A0C91BC942}") = "staticLogServer", "LogServer\staticLogServer.vcproj", "{51C47BD4-3BF5-4A5B-8B01-805D742C382F}"
EndProject
Global
	GlobalSection(SolutionConfigurationPlatforms) = preSolution
		Debug|Win32 = Debug|Win32
		Release|Win32 = Release|Win32
	EndGlobalSection
	GlobalSection(ProjectConfigurationPlatforms) = postSolution
		{88E7D434-42C8-4F1D-8614-F03B77FE138E}.Debug|Win32.ActiveCfg = Debug|Win32
		{88E7D434-42C8-4F1D-8614-F03B77FE138E}.Debug|Win32.Build.0 = Debug|Win32
		{88E7D434-42C8-4F1D-8614-F03B77FE138E}.Release|Win32.ActiveCfg = Release|Win32
		{88E7D434-42C8-4F1D-8614-F03B77FE138E}.Release|Win32.Build.0 = Release|Win32
		{6C554C06-00F6-4B95-AF29-896912F85AC3}.Debug|Win32.ActiveCfg = Debug|Win32
		{6C554C06-00F6-4B95-AF29-896912F85AC3}.Debug|Win32.Build.0 = Debug|Win32
		{6C554C06-00F6-4B95-AF29-896912F85AC3}.Release|Win32.ActiveCfg = Release|Win32
		{6C554C06-00F6-4B95-AF29-896912F85AC3}.Release|Win32.Build.0 = Release|Win32
		{5434A808-A879-4DFC-B1D7-613BFAB35218}.Debug|Win32.ActiveCfg = Debug|Win32
		{5434A808-A879-4DFC-B1D7-613BFAB35218}.Debug|Win32.Build.0 = Debug|Win32
		{5434A808-A879-4DFC-B1D7-613BFAB35218}.Release|Win32.ActiveCfg = Release|Win32
		{5434A808-A879-4DFC-B1D7-613BFAB35218}.Release|Win32.Build.0 = Release|Win32
		{2EC74A1D-4921-4AD8-BFD1-BEB6D397E509}.Debug|Win32.ActiveCfg = Debug|Win32
		{2EC74A1D-4921-4AD8-BFD1-BEB6D397E509}.Debug|Win32.Build.0 = Debug|Win32
		{2EC74A1D-4921-4AD8-BFD1-BEB6D397E509}.Release|Win32.ActiveCfg = Release|Win32
		{2EC74A1D-4921-4AD8-BFD1-BEB6D397E509}.Release|Win32.Build.0 = Release|Win32
		{112BB164-74CC-4D51-9F78-62C2FCF71A54}.Debug|Win32.ActiveCfg = Debug|Win32
		{112BB164-74CC-4D51-9F78-62C2FCF71A54}.Debug|Win32.Build.0 = Debug|Win32
		{112BB164-74CC-4D51-9F78-62C2FCF71A54}.Release|Win32.ActiveCfg = Release|Win32
		{112BB164-74CC-4D51-9F78-62C2FCF71A54}.Release|Win32.Build.0 = Release|Win32
		{51C47BD4-3BF5-4A5B-8B01-805D742C382F}.Debug|Win32.ActiveCfg = Debug|Win32
		{51C47BD4-3BF5-4A5B-8B01-805D742C382F}.Debug|Win32.Build.0 = Debug|Win32
		{51C47BD4-3BF5-4A5B-8B01-805D742C382F}.Release|Win32.ActiveCfg = Release|Win32
		{51C47BD4-3BF5-4A5B-8B01-805D742C382F}.Release|Win32.Build.0 = Release|Win32
	EndGlobalSection
	GlobalSection(SolutionProperties) = preSolution
		HideSolutionNode = FALSE
	EndGlobalSection
EndGlobal
